{
<<<<<<< HEAD
<<<<<<< HEAD
  "lockfileVersion": 1
=======
  "name": "data-manage",
  "lockfileVersion": 2,
  "requires": true,
  "packages": {}
>>>>>>> test
=======
//<<<<<<< HEAD
  "name": "data-manage",
  "lockfileVersion": 2,
  "requires": true,
  "packages": {},
//=======
  "lockfileVersion": 1
//>>>>>>> develop
>>>>>>> 5d84780a4cfb2c3ebabbda6aacd00d8e9da68beb
}
